
Microsoft Visual Studio Solution File, Format Version 12.00
# Visual Studio Version 17
VisualStudioVersion = 17.8.34525.116
MinimumVisualStudioVersion = 10.0.40219.1
Project("{FAE04EC0-301F-11D3-BF4B-00C04F79EFBC}") = "KidKinder", "KidKinder\KidKinder.csproj", "{967E6778-7319-4D36-A1D4-5F17A16AABCC}"
EndProject
Global
	GlobalSection(SolutionConfigurationPlatforms) = preSolution
		Debug|Any CPU = Debug|Any CPU
		Release|Any CPU = Release|Any CPU
	EndGlobalSection
	GlobalSection(ProjectConfigurationPlatforms) = postSolution
		{967E6778-7319-4D36-A1D4-5F17A16AABCC}.Debug|Any CPU.ActiveCfg = Debug|Any CPU
		{967E6778-7319-4D36-A1D4-5F17A16AABCC}.Debug|Any CPU.Build.0 = Debug|Any CPU
		{967E6778-7319-4D36-A1D4-5F17A16AABCC}.Release|Any CPU.ActiveCfg = Release|Any CPU
		{967E6778-7319-4D36-A1D4-5F17A16AABCC}.Release|Any CPU.Build.0 = Release|Any CPU
	EndGlobalSection
	GlobalSection(SolutionProperties) = preSolution
		HideSolutionNode = FALSE
	EndGlobalSection
	GlobalSection(ExtensibilityGlobals) = postSolution
		SolutionGuid = {D528E688-C3C8-4110-BA83-8DB7FBB96132}
	EndGlobalSection
EndGlobal
